
Microsoft Visual Studio Solution File, Format Version 12.00
# Visual Studio Version 17
VisualStudioVersion = 17.5.33516.290
MinimumVisualStudioVersion = 10.0.40219.1
Project("{FAE04EC0-301F-11D3-BF4B-00C04F79EFBC}") = "web-backend", "web-backend\web-backend.csproj", "{93D4FDD8-F17E-4132-AFAC-BE7A5107A266}"
EndProject
Global
	GlobalSection(SolutionConfigurationPlatforms) = preSolution
		Debug|Any CPU = Debug|Any CPU
		Release|Any CPU = Release|Any CPU
	EndGlobalSection
	GlobalSection(ProjectConfigurationPlatforms) = postSolution
		{93D4FDD8-F17E-4132-AFAC-BE7A5107A266}.Debug|Any CPU.ActiveCfg = Debug|Any CPU
		{93D4FDD8-F17E-4132-AFAC-BE7A5107A266}.Debug|Any CPU.Build.0 = Debug|Any CPU
		{93D4FDD8-F17E-4132-AFAC-BE7A5107A266}.Release|Any CPU.ActiveCfg = Release|Any CPU
		{93D4FDD8-F17E-4132-AFAC-BE7A5107A266}.Release|Any CPU.Build.0 = Release|Any CPU
	EndGlobalSection
	GlobalSection(SolutionProperties) = preSolution
		HideSolutionNode = FALSE
	EndGlobalSection
	GlobalSection(ExtensibilityGlobals) = postSolution
		SolutionGuid = {3974BD33-8E4B-408F-B72F-D32E9ADFCECF}
	EndGlobalSection
EndGlobal
